
Microsoft Visual Studio Solution File, Format Version 12.00
# Visual Studio Version 16
VisualStudioVersion = 16.0.30517.126
MinimumVisualStudioVersion = 10.0.40219.1
Project("{FAE04EC0-301F-11D3-BF4B-00C04F79EFBC}") = "WA20", "WA20\WA20.csproj", "{676D1BCB-ABA8-4E68-8623-9834FEA0E49E}"
EndProject
Project("{FAE04EC0-301F-11D3-BF4B-00C04F79EFBC}") = "WA21", "WA21\WA21.csproj", "{1181AC5E-EF22-4F23-8D7C-CC7A7B6DDD29}"
EndProject
Project("{FAE04EC0-301F-11D3-BF4B-00C04F79EFBC}") = "WA22", "WA22\WA22.csproj", "{19785EE8-238F-4FF8-950E-1F8BBFBD9C24}"
EndProject
Project("{9A19103F-16F7-4668-BE54-9A1E7A4F7556}") = "Empresa.Conta.Data", "Empresa.Conta.Data\Empresa.Conta.Data.csproj", "{4493DD02-AEAC-42C6-9A14-9D6BFD431CA4}"
EndProject
Project("{9A19103F-16F7-4668-BE54-9A1E7A4F7556}") = "Empresa.Conta.Model", "Empresa.Conta.Model\Empresa.Conta.Model.csproj", "{1B21619E-2894-4513-9AB8-B62A3E8B8244}"
EndProject
Global
	GlobalSection(SolutionConfigurationPlatforms) = preSolution
		Debug|Any CPU = Debug|Any CPU
		Release|Any CPU = Release|Any CPU
	EndGlobalSection
	GlobalSection(ProjectConfigurationPlatforms) = postSolution
		{676D1BCB-ABA8-4E68-8623-9834FEA0E49E}.Debug|Any CPU.ActiveCfg = Debug|Any CPU
		{676D1BCB-ABA8-4E68-8623-9834FEA0E49E}.Debug|Any CPU.Build.0 = Debug|Any CPU
		{676D1BCB-ABA8-4E68-8623-9834FEA0E49E}.Release|Any CPU.ActiveCfg = Release|Any CPU
		{676D1BCB-ABA8-4E68-8623-9834FEA0E49E}.Release|Any CPU.Build.0 = Release|Any CPU
		{1181AC5E-EF22-4F23-8D7C-CC7A7B6DDD29}.Debug|Any CPU.ActiveCfg = Debug|Any CPU
		{1181AC5E-EF22-4F23-8D7C-CC7A7B6DDD29}.Debug|Any CPU.Build.0 = Debug|Any CPU
		{1181AC5E-EF22-4F23-8D7C-CC7A7B6DDD29}.Release|Any CPU.ActiveCfg = Release|Any CPU
		{1181AC5E-EF22-4F23-8D7C-CC7A7B6DDD29}.Release|Any CPU.Build.0 = Release|Any CPU
		{19785EE8-238F-4FF8-950E-1F8BBFBD9C24}.Debug|Any CPU.ActiveCfg = Debug|Any CPU
		{19785EE8-238F-4FF8-950E-1F8BBFBD9C24}.Debug|Any CPU.Build.0 = Debug|Any CPU
		{19785EE8-238F-4FF8-950E-1F8BBFBD9C24}.Release|Any CPU.ActiveCfg = Release|Any CPU
		{19785EE8-238F-4FF8-950E-1F8BBFBD9C24}.Release|Any CPU.Build.0 = Release|Any CPU
		{4493DD02-AEAC-42C6-9A14-9D6BFD431CA4}.Debug|Any CPU.ActiveCfg = Debug|Any CPU
		{4493DD02-AEAC-42C6-9A14-9D6BFD431CA4}.Debug|Any CPU.Build.0 = Debug|Any CPU
		{4493DD02-AEAC-42C6-9A14-9D6BFD431CA4}.Release|Any CPU.ActiveCfg = Release|Any CPU
		{4493DD02-AEAC-42C6-9A14-9D6BFD431CA4}.Release|Any CPU.Build.0 = Release|Any CPU
		{1B21619E-2894-4513-9AB8-B62A3E8B8244}.Debug|Any CPU.ActiveCfg = Debug|Any CPU
		{1B21619E-2894-4513-9AB8-B62A3E8B8244}.Debug|Any CPU.Build.0 = Debug|Any CPU
		{1B21619E-2894-4513-9AB8-B62A3E8B8244}.Release|Any CPU.ActiveCfg = Release|Any CPU
		{1B21619E-2894-4513-9AB8-B62A3E8B8244}.Release|Any CPU.Build.0 = Release|Any CPU
	EndGlobalSection
	GlobalSection(SolutionProperties) = preSolution
		HideSolutionNode = FALSE
	EndGlobalSection
	GlobalSection(ExtensibilityGlobals) = postSolution
		SolutionGuid = {84133C9E-17F4-4EF6-80B1-DDA19A7A8655}
	EndGlobalSection
EndGlobal
